
Microsoft Visual Studio Solution File, Format Version 12.00
# Visual Studio Version 17
VisualStudioVersion = 17.6.33723.286
MinimumVisualStudioVersion = 10.0.40219.1
Project("{9A19103F-16F7-4668-BE54-9A1E7A4F7556}") = "DempToken", "DempToken\DempToken.csproj", "{479DEF3E-44D4-41CC-9E9D-993FC839E303}"
EndProject
Project("{FAE04EC0-301F-11D3-BF4B-00C04F79EFBC}") = "DempToken.Infra", "DempToken.Infra\DempToken.Infra.csproj", "{958AD350-CA5F-4192-A616-D8D7D2197319}"
EndProject
Project("{FAE04EC0-301F-11D3-BF4B-00C04F79EFBC}") = "DempToken.Domain", "DempToken.Domain\DempToken.Domain.csproj", "{70DAAA6F-382C-4BE2-924E-BA5055709324}"
EndProject
Global
	GlobalSection(SolutionConfigurationPlatforms) = preSolution
		Debug|Any CPU = Debug|Any CPU
		Release|Any CPU = Release|Any CPU
	EndGlobalSection
	GlobalSection(ProjectConfigurationPlatforms) = postSolution
		{479DEF3E-44D4-41CC-9E9D-993FC839E303}.Debug|Any CPU.ActiveCfg = Debug|Any CPU
		{479DEF3E-44D4-41CC-9E9D-993FC839E303}.Debug|Any CPU.Build.0 = Debug|Any CPU
		{479DEF3E-44D4-41CC-9E9D-993FC839E303}.Release|Any CPU.ActiveCfg = Release|Any CPU
		{479DEF3E-44D4-41CC-9E9D-993FC839E303}.Release|Any CPU.Build.0 = Release|Any CPU
		{958AD350-CA5F-4192-A616-D8D7D2197319}.Debug|Any CPU.ActiveCfg = Debug|Any CPU
		{958AD350-CA5F-4192-A616-D8D7D2197319}.Debug|Any CPU.Build.0 = Debug|Any CPU
		{958AD350-CA5F-4192-A616-D8D7D2197319}.Release|Any CPU.ActiveCfg = Release|Any CPU
		{958AD350-CA5F-4192-A616-D8D7D2197319}.Release|Any CPU.Build.0 = Release|Any CPU
		{70DAAA6F-382C-4BE2-924E-BA5055709324}.Debug|Any CPU.ActiveCfg = Debug|Any CPU
		{70DAAA6F-382C-4BE2-924E-BA5055709324}.Debug|Any CPU.Build.0 = Debug|Any CPU
		{70DAAA6F-382C-4BE2-924E-BA5055709324}.Release|Any CPU.ActiveCfg = Release|Any CPU
		{70DAAA6F-382C-4BE2-924E-BA5055709324}.Release|Any CPU.Build.0 = Release|Any CPU
	EndGlobalSection
	GlobalSection(SolutionProperties) = preSolution
		HideSolutionNode = FALSE
	EndGlobalSection
	GlobalSection(ExtensibilityGlobals) = postSolution
		SolutionGuid = {143C1EDD-D5B1-49D0-9435-99637CC5EF3A}
	EndGlobalSection
EndGlobal
